{
    "hash": "65e471ca945b9d4d6d47566fbb190e05",
    "packages": [
        {
            "name": "phpoption/phpoption",
            "version": "dev-master",
            "source": {
                "type": "git",
                "url": "git://github.com/schmittjoh/php-option",
                "reference": "d151d36e0b3b02f979adc7499f1af768c35f4793"
            },
            "dist": {
                "type": "zip",
                "url": "https://github.com/schmittjoh/php-option/archive/d151d36e0b3b02f979adc7499f1af768c35f4793.zip",
                "reference": "d151d36e0b3b02f979adc7499f1af768c35f4793",
                "shasum": ""
            },
            "require": {
                "php": ">=5.3.0"
            },
            "type": "library",
            "installation-source": "source",
            "autoload": {
                "psr-0": {
                    "PhpOption\\": "src/"
                }
            },
            "license": [
                "Apache2"
            ],
            "authors": [
                {
                    "name": "Johannes M. Schmitt",
                    "email": "schmittjoh@gmail.com",
                    "homepage": "http://jmsyst.com",
                    "role": "Developer of wrapped JMSSerializerBundle"
                }
            ],
            "description": "Option Type for PHP",
            "keywords": [
                "php",
                "language",
                "type",
                "option"
            ],
            "time": "1352286214"
        }
    ],
    "packages-dev": [
        {
            "name": "nikic/php-parser",
            "version": "v0.9.1",
            "source": {
                "type": "git",
                "url": "https://github.com/nikic/PHP-Parser",
                "reference": "v0.9.1"
            },
            "dist": {
                "type": "zip",
                "url": "https://github.com/nikic/PHP-Parser/zipball/v0.9.1",
                "reference": "v0.9.1",
                "shasum": ""
            },
            "require": {
                "php": ">=5.2"
            },
            "time": "2012-04-23 15:52:11",
            "type": "library",
            "installation-source": "dist",
            "autoload": {
                "psr-0": {
                    "PHPParser": "lib/"
                }
            },
            "license": [
                "BSD"
            ],
            "authors": [
                {
                    "name": "Nikita Popov"
                }
            ],
            "description": "A PHP parser written in PHP",
            "keywords": [
                "php",
                "parser"
            ]
        }
    ],
    "aliases": [

    ],
    "minimum-stability": "stable",
    "stability-flags": {
        "phpoption/phpoption": 20
    }
}
